
Microsoft Visual Studio Solution File, Format Version 12.00
# Visual Studio Version 17
VisualStudioVersion = 17.5.33424.131
MinimumVisualStudioVersion = 10.0.40219.1
Project("{FAE04EC0-301F-11D3-BF4B-00C04F79EFBC}") = "ClientAPI", "ClientAPI\ClientAPI.csproj", "{0A4A87D6-1B72-48F7-A2EE-6C080BAD643A}"
EndProject
Project("{FAE04EC0-301F-11D3-BF4B-00C04F79EFBC}") = "UserAPI", "UserAPI\UserAPI.csproj", "{C02E1F2D-EBA8-4F58-A661-14050399CA7D}"
EndProject
Project("{FAE04EC0-301F-11D3-BF4B-00C04F79EFBC}") = "VeicleAPI", "VeicleAPI\VeicleAPI.csproj", "{9213D497-A69E-4AF5-AF8E-2522CC1051B7}"
EndProject
Global
	GlobalSection(SolutionConfigurationPlatforms) = preSolution
		Debug|Any CPU = Debug|Any CPU
		Release|Any CPU = Release|Any CPU
	EndGlobalSection
	GlobalSection(ProjectConfigurationPlatforms) = postSolution
		{0A4A87D6-1B72-48F7-A2EE-6C080BAD643A}.Debug|Any CPU.ActiveCfg = Debug|Any CPU
		{0A4A87D6-1B72-48F7-A2EE-6C080BAD643A}.Debug|Any CPU.Build.0 = Debug|Any CPU
		{0A4A87D6-1B72-48F7-A2EE-6C080BAD643A}.Release|Any CPU.ActiveCfg = Release|Any CPU
		{0A4A87D6-1B72-48F7-A2EE-6C080BAD643A}.Release|Any CPU.Build.0 = Release|Any CPU
		{C02E1F2D-EBA8-4F58-A661-14050399CA7D}.Debug|Any CPU.ActiveCfg = Debug|Any CPU
		{C02E1F2D-EBA8-4F58-A661-14050399CA7D}.Debug|Any CPU.Build.0 = Debug|Any CPU
		{C02E1F2D-EBA8-4F58-A661-14050399CA7D}.Release|Any CPU.ActiveCfg = Release|Any CPU
		{C02E1F2D-EBA8-4F58-A661-14050399CA7D}.Release|Any CPU.Build.0 = Release|Any CPU
		{9213D497-A69E-4AF5-AF8E-2522CC1051B7}.Debug|Any CPU.ActiveCfg = Debug|Any CPU
		{9213D497-A69E-4AF5-AF8E-2522CC1051B7}.Debug|Any CPU.Build.0 = Debug|Any CPU
		{9213D497-A69E-4AF5-AF8E-2522CC1051B7}.Release|Any CPU.ActiveCfg = Release|Any CPU
		{9213D497-A69E-4AF5-AF8E-2522CC1051B7}.Release|Any CPU.Build.0 = Release|Any CPU
	EndGlobalSection
	GlobalSection(SolutionProperties) = preSolution
		HideSolutionNode = FALSE
	EndGlobalSection
	GlobalSection(ExtensibilityGlobals) = postSolution
		SolutionGuid = {873B7510-9A7A-4122-9147-0F6CE3D34895}
	EndGlobalSection
EndGlobal
